
Microsoft Visual Studio Solution File, Format Version 12.00
# Visual Studio 15
VisualStudioVersion = 15.0.28010.2041
MinimumVisualStudioVersion = 10.0.40219.1
Project("{8BC9CEB8-8B4A-11D0-8D11-00A0C91BC942}") = "WM", "WM.vcxproj", "{1836C625-F233-4648-A579-B41E11D41940}"
EndProject
Global
	GlobalSection(SolutionConfigurationPlatforms) = preSolution
		Debug|x64 = Debug|x64
		Release|x64 = Release|x64
	EndGlobalSection
	GlobalSection(ProjectConfigurationPlatforms) = postSolution
		{1836C625-F233-4648-A579-B41E11D41940}.Debug|x64.ActiveCfg = Debug|x64
		{1836C625-F233-4648-A579-B41E11D41940}.Debug|x64.Build.0 = Debug|x64
		{1836C625-F233-4648-A579-B41E11D41940}.Release|x64.ActiveCfg = Release|x64
		{1836C625-F233-4648-A579-B41E11D41940}.Release|x64.Build.0 = Release|x64
	EndGlobalSection
	GlobalSection(SolutionProperties) = preSolution
		HideSolutionNode = FALSE
	EndGlobalSection
	GlobalSection(ExtensibilityGlobals) = postSolution
		SolutionGuid = {2D9A6BEE-C26A-47A4-8CFE-6F00E1AF43C9}
	EndGlobalSection
EndGlobal
